
Microsoft Visual Studio Solution File, Format Version 12.00
# Visual Studio 14
VisualStudioVersion = 14.0.25420.1
MinimumVisualStudioVersion = 10.0.40219.1
Project("{FAE04EC0-301F-11D3-BF4B-00C04F79EFBC}") = "Product Queries", "Product Queries\Product Queries.csproj", "{ED84B143-A560-48F7-87F7-BD88F7654890}"
EndProject
Global
	GlobalSection(SolutionConfigurationPlatforms) = preSolution
		Debug|Any CPU = Debug|Any CPU
		Release|Any CPU = Release|Any CPU
	EndGlobalSection
	GlobalSection(ProjectConfigurationPlatforms) = postSolution
		{ED84B143-A560-48F7-87F7-BD88F7654890}.Debug|Any CPU.ActiveCfg = Debug|Any CPU
		{ED84B143-A560-48F7-87F7-BD88F7654890}.Debug|Any CPU.Build.0 = Debug|Any CPU
		{ED84B143-A560-48F7-87F7-BD88F7654890}.Release|Any CPU.ActiveCfg = Release|Any CPU
		{ED84B143-A560-48F7-87F7-BD88F7654890}.Release|Any CPU.Build.0 = Release|Any CPU
	EndGlobalSection
	GlobalSection(SolutionProperties) = preSolution
		HideSolutionNode = FALSE
	EndGlobalSection
EndGlobal
